// !$*UTF8*$!
{
	archiveVersion = 1;
	classes = {
	};
	objectVersion = 46;
	objects = {

/* Begin PBXBuildFile section */
		D19727CB1BF36B1F005EBB82 /* main.cpp in Sources */ = {isa = PBXBuildFile; fileRef = D19727CA1BF36B1F005EBB82 /* main.cpp */; };
/* End PBXBuildFile section */

/* Begin PBXCopyFilesBuildPhase section */
		D19727C51BF36B1F005EBB82 /* CopyFiles */ = {
			isa = PBXCopyFilesBuildPhase;
			buildActionMask = 2147483647;
			dstPath = /usr/share/man/man1/;
			dstSubfolderSpec = 0;
			files = (
			);
			runOnlyForDeploymentPostprocessing = 1;
		};
/* End PBXCopyFilesBuildPhase section */

/* Begin PBXFileReference section */
		D19727C71BF36B1F005EBB82 /* 动态存储分配 */ = {isa = PBXFileReference; explicitFileType = "compiled.mach-o.executable"; includeInIndex = 0; path = "动态存储分配"; sourceTree = BUILT_PRODUCTS_DIR; };
		D19727CA1BF36B1F005EBB82 /* main.cpp */ = {isa = PBXFileReference; lastKnownFileType = sourcecode.cpp.cpp; path = main.cpp; sourceTree = "<group>"; };
/* End PBXFileReference section */

/* Begin PBXFrameworksBuildPhase section */
		D19727C41BF36B1F005EBB82 /* Frameworks */ = {
			isa = PBXFrameworksBuildPhase;
			buildActionMask = 2147483647;
			files = (
			);
			runOnlyForDeploymentPostprocessing = 0;
		};
/* End PBXFrameworksBuildPhase section */

/* Begin PBXGroup section */
		D19727BE1BF36B1F005EBB82 = {
			isa = PBXGroup;
			children = (
				D19727C91BF36B1F005EBB82 /* 动态存储分配 */,
				D19727C81BF36B1F005EBB82 /* Products */,
			);
			sourceTree = "<group>";
		};
		D19727C81BF36B1F005EBB82 /* Products */ = {
			isa = PBXGroup;
			children = (
				D19727C71BF36B1F005EBB82 /* 动态存储分配 */,
			);
			name = Products;
			sourceTree = "<group>";
		};
		D19727C91BF36B1F005EBB82 /* 动态存储分配 */ = {
			isa = PBXGroup;
			children = (
				D19727CA1BF36B1F005EBB82 /* main.cpp */,
			);
			path = "动态存储分配";
			sourceTree = "<group>";
		};
/* End PBXGroup section */

/* Begin PBXNativeTarget section */
		D19727C61BF36B1F005EBB82 /* 动态存储分配 */ = {
			isa = PBXNativeTarget;
			buildConfigurationList = D19727CE1BF36B1F005EBB82 /* Build configuration list for PBXNativeTarget "动态存储分配" */;
			buildPhases = (
				D19727C31BF36B1F005EBB82 /* Sources */,
				D19727C41BF36B1F005EBB82 /* Frameworks */,
				D19727C51BF36B1F005EBB82 /* CopyFiles */,
			);
			buildRules = (
			);
			dependencies = (
			);
			name = "动态存储分配";
			productName = "动态存储分配";
			productReference = D19727C71BF36B1F005EBB82 /* 动态存储分配 */;
			productType = "com.apple.product-type.tool";
		};
/* End PBXNativeTarget section */

/* Begin PBXProject section */
		D19727BF1BF36B1F005EBB82 /* Project object */ = {
			isa = PBXProject;
			attributes = {
				LastUpgradeCheck = 0630;
				ORGANIZATIONNAME = 20141105055ljm;
				TargetAttributes = {
					D19727C61BF36B1F005EBB82 = {
						CreatedOnToolsVersion = 6.3;
					};
				};
			};
			buildConfigurationList = D19727C21BF36B1F005EBB82 /* Build configuration list for PBXProject "动态存储分配" */;
			compatibilityVersion = "Xcode 3.2";
			developmentRegion = English;
			hasScannedForEncodings = 0;
			knownRegions = (
				en,
			);
			mainGroup = D19727BE1BF36B1F005EBB82;
			productRefGroup = D19727C81BF36B1F005EBB82 /* Products */;
			projectDirPath = "";
			projectRoot = "";
			targets = (
				D19727C61BF36B1F005EBB82 /* 动态存储分配 */,
			);
		};
/* End PBXProject section */

/* Begin PBXSourcesBuildPhase section */
		D19727C31BF36B1F005EBB82 /* Sources */ = {
			isa = PBXSourcesBuildPhase;
			buildActionMask = 2147483647;
			files = (
				D19727CB1BF36B1F005EBB82 /* main.cpp in Sources */,
			);
			runOnlyForDeploymentPostprocessing = 0;
		};
/* End PBXSourcesBuildPhase section */

/* Begin XCBuildConfiguration section */
		D19727CC1BF36B1F005EBB82 /* Debug */ = {
			isa = XCBuildConfiguration;
			buildSettings = {
				ALWAYS_SEARCH_USER_PATHS = NO;
				CLANG_CXX_LANGUAGE_STANDARD = "gnu++0x";
				CLANG_CXX_LIBRARY = "libc++";
				CLANG_ENABLE_MODULES = YES;
				CLANG_ENABLE_OBJC_ARC = YES;
				CLANG_WARN_BOOL_CONVERSION = YES;
				CLANG_WARN_CONSTANT_CONVERSION = YES;
				CLANG_WARN_DIRECT_OBJC_ISA_USAGE = YES_ERROR;
				CLANG_WARN_EMPTY_BODY = YES;
				CLANG_WARN_ENUM_CONVERSION = YES;
				CLANG_WARN_INT_CONVERSION = YES;
				CLANG_WARN_OBJC_ROOT_CLASS = YES_ERROR;
				CLANG_WARN_UNREACHABLE_CODE = YES;
				CLANG_WARN__DUPLICATE_METHOD_MATCH = YES;
				COPY_PHASE_STRIP = NO;
				DEBUG_INFORMATION_FORMAT = dwarf;
				ENABLE_STRICT_OBJC_MSGSEND = YES;
				GCC_C_LANGUAGE_STANDARD = gnu99;
				GCC_DYNAMIC_NO_PIC = NO;
				GCC_NO_COMMON_BLOCKS = YES;
				GCC_OPTIMIZATION_LEVEL = 0;
				GCC_PREPROCESSOR_DEFINITIONS = (
					"DEBUG=1",
					"$(inherited)",
				);
				GCC_SYMBOLS_PRIVATE_EXTERN = NO;
				GCC_WARN_64_TO_32_BIT_CONVERSION = YES;
				GCC_WARN_ABOUT_RETURN_TYPE = YES_ERROR;
				GCC_WARN_UNDECLARED_SELECTOR = YES;
				GCC_WARN_UNINITIALIZED_AUTOS = YES_AGGRESSIVE;
				GCC_WARN_UNUSED_FUNCTION = YES;
				GCC_WARN_UNUSED_VARIABLE = YES;
				MACOSX_DEPLOYMENT_TARGET = 10.11;
				MTL_ENABLE_DEBUG_INFO = YES;
				ONLY_ACTIVE_ARCH = YES;
				SDKROOT = macosx;
			};
			name = Debug;
		};
		D19727CD1BF36B1F005EBB82 /* Release */ = {
			isa = XCBuildConfiguration;
			buildSettings = {
				ALWAYS_SEARCH_USER_PATHS = NO;
				CLANG_CXX_LANGUAGE_STANDARD = "gnu++0x";
				CLANG_CXX_LIBRARY = "libc++";
				CLANG_ENABLE_MODULES = YES;
				CLANG_ENABLE_OBJC_ARC = YES;
				CLANG_WARN_BOOL_CONVERSION = YES;
				CLANG_WARN_CONSTANT_CONVERSION = YES;
				CLANG_WARN_DIRECT_OBJC_ISA_USAGE = YES_ERROR;
				CLANG_WARN_EMPTY_BODY = YES;
				CLANG_WARN_ENUM_CONVERSION = YES;
				CLANG_WARN_INT_CONVERSION = YES;
				CLANG_WARN_OBJC_ROOT_CLASS = YES_ERROR;
				CLANG_WARN_UNREACHABLE_CODE = YES;
				CLANG_WARN__DUPLICATE_METHOD_MATCH = YES;
				COPY_PHASE_STRIP = NO;
				DEBUG_INFORMATION_FORMAT = "dwarf-with-dsym";
				ENABLE_NS_ASSERTIONS = NO;
				ENABLE_STRICT_OBJC_MSGSEND = YES;
				GCC_C_LANGUAGE_STANDARD = gnu99;
				GCC_NO_COMMON_BLOCKS = YES;
				GCC_WARN_64_TO_32_BIT_CONVERSION = YES;
				GCC_WARN_ABOUT_RETURN_TYPE = YES_ERROR;
				GCC_WARN_UNDECLARED_SELECTOR = YES;
				GCC_WARN_UNINITIALIZED_AUTOS = YES_AGGRESSIVE;
				GCC_WARN_UNUSED_FUNCTION = YES;
				GCC_WARN_UNUSED_VARIABLE = YES;
				MACOSX_DEPLOYMENT_TARGET = 10.11;
				MTL_ENABLE_DEBUG_INFO = NO;
				SDKROOT = macosx;
			};
			name = Release;
		};
		D19727CF1BF36B1F005EBB82 /* Debug */ = {
			isa = XCBuildConfiguration;
			buildSettings = {
				PRODUCT_NAME = "$(TARGET_NAME)";
			};
			name = Debug;
		};
		D19727D01BF36B1F005EBB82 /* Release */ = {
			isa = XCBuildConfiguration;
			buildSettings = {
				PRODUCT_NAME = "$(TARGET_NAME)";
			};
			name = Release;
		};
/* End XCBuildConfiguration section */

/* Begin XCConfigurationList section */
		D19727C21BF36B1F005EBB82 /* Build configuration list for PBXProject "动态存储分配" */ = {
			isa = XCConfigurationList;
			buildConfigurations = (
				D19727CC1BF36B1F005EBB82 /* Debug */,
				D19727CD1BF36B1F005EBB82 /* Release */,
			);
			defaultConfigurationIsVisible = 0;
			defaultConfigurationName = Release;
		};
		D19727CE1BF36B1F005EBB82 /* Build configuration list for PBXNativeTarget "动态存储分配" */ = {
			isa = XCConfigurationList;
			buildConfigurations = (
				D19727CF1BF36B1F005EBB82 /* Debug */,
				D19727D01BF36B1F005EBB82 /* Release */,
			);
			defaultConfigurationIsVisible = 0;
		};
/* End XCConfigurationList section */
	};
	rootObject = D19727BF1BF36B1F005EBB82 /* Project object */;
}
